
Microsoft Visual Studio Solution File, Format Version 12.00
# Visual Studio Version 17
VisualStudioVersion = 17.2.32602.215
MinimumVisualStudioVersion = 10.0.40219.1
Project("{FAE04EC0-301F-11D3-BF4B-00C04F79EFBC}") = "csharp-net-course", "csharp-net-course\csharp-net-course.csproj", "{0CB99BCB-DBCE-4064-9A32-31A278BD9602}"
EndProject
Global
	GlobalSection(SolutionConfigurationPlatforms) = preSolution
		Debug|Any CPU = Debug|Any CPU
		Release|Any CPU = Release|Any CPU
	EndGlobalSection
	GlobalSection(ProjectConfigurationPlatforms) = postSolution
		{0CB99BCB-DBCE-4064-9A32-31A278BD9602}.Debug|Any CPU.ActiveCfg = Debug|Any CPU
		{0CB99BCB-DBCE-4064-9A32-31A278BD9602}.Debug|Any CPU.Build.0 = Debug|Any CPU
		{0CB99BCB-DBCE-4064-9A32-31A278BD9602}.Release|Any CPU.ActiveCfg = Release|Any CPU
		{0CB99BCB-DBCE-4064-9A32-31A278BD9602}.Release|Any CPU.Build.0 = Release|Any CPU
	EndGlobalSection
	GlobalSection(SolutionProperties) = preSolution
		HideSolutionNode = FALSE
	EndGlobalSection
	GlobalSection(ExtensibilityGlobals) = postSolution
		SolutionGuid = {7E85C16E-77F1-4F94-9836-00D321D914F1}
	EndGlobalSection
EndGlobal
